
Microsoft Visual Studio Solution File, Format Version 12.00
# Visual Studio Version 17
VisualStudioVersion = 17.13.36105.23 d17.13
MinimumVisualStudioVersion = 10.0.40219.1
Project("{FAE04EC0-301F-11D3-BF4B-00C04F79EFBC}") = "FactoryIoAndPLCPid", "FactoryIoAndPLCPid\FactoryIoAndPLCPid.csproj", "{D8A0EB21-55EA-4E37-BDC2-09BB1F7FDDA3}"
EndProject
Project("{FAE04EC0-301F-11D3-BF4B-00C04F79EFBC}") = "Device.IService", "Device.IService\Device.IService.csproj", "{83319821-869C-4C47-8F69-50F76E39FAC3}"
EndProject
Project("{FAE04EC0-301F-11D3-BF4B-00C04F79EFBC}") = "Device.Service", "Device.Service\Device.Service.csproj", "{AAF6BF3F-E883-47DB-AB57-21FFB4D826AE}"
EndProject
Project("{FAE04EC0-301F-11D3-BF4B-00C04F79EFBC}") = "Models", "Models\Models.csproj", "{069B01EC-BB74-4F43-B680-641B78305053}"
EndProject
Global
	GlobalSection(SolutionConfigurationPlatforms) = preSolution
		Debug|Any CPU = Debug|Any CPU
		Release|Any CPU = Release|Any CPU
	EndGlobalSection
	GlobalSection(ProjectConfigurationPlatforms) = postSolution
		{D8A0EB21-55EA-4E37-BDC2-09BB1F7FDDA3}.Debug|Any CPU.ActiveCfg = Debug|Any CPU
		{D8A0EB21-55EA-4E37-BDC2-09BB1F7FDDA3}.Debug|Any CPU.Build.0 = Debug|Any CPU
		{D8A0EB21-55EA-4E37-BDC2-09BB1F7FDDA3}.Release|Any CPU.ActiveCfg = Release|Any CPU
		{D8A0EB21-55EA-4E37-BDC2-09BB1F7FDDA3}.Release|Any CPU.Build.0 = Release|Any CPU
		{83319821-869C-4C47-8F69-50F76E39FAC3}.Debug|Any CPU.ActiveCfg = Debug|Any CPU
		{83319821-869C-4C47-8F69-50F76E39FAC3}.Debug|Any CPU.Build.0 = Debug|Any CPU
		{83319821-869C-4C47-8F69-50F76E39FAC3}.Release|Any CPU.ActiveCfg = Release|Any CPU
		{83319821-869C-4C47-8F69-50F76E39FAC3}.Release|Any CPU.Build.0 = Release|Any CPU
		{AAF6BF3F-E883-47DB-AB57-21FFB4D826AE}.Debug|Any CPU.ActiveCfg = Debug|Any CPU
		{AAF6BF3F-E883-47DB-AB57-21FFB4D826AE}.Debug|Any CPU.Build.0 = Debug|Any CPU
		{AAF6BF3F-E883-47DB-AB57-21FFB4D826AE}.Release|Any CPU.ActiveCfg = Release|Any CPU
		{AAF6BF3F-E883-47DB-AB57-21FFB4D826AE}.Release|Any CPU.Build.0 = Release|Any CPU
		{069B01EC-BB74-4F43-B680-641B78305053}.Debug|Any CPU.ActiveCfg = Debug|Any CPU
		{069B01EC-BB74-4F43-B680-641B78305053}.Debug|Any CPU.Build.0 = Debug|Any CPU
		{069B01EC-BB74-4F43-B680-641B78305053}.Release|Any CPU.ActiveCfg = Release|Any CPU
		{069B01EC-BB74-4F43-B680-641B78305053}.Release|Any CPU.Build.0 = Release|Any CPU
	EndGlobalSection
	GlobalSection(SolutionProperties) = preSolution
		HideSolutionNode = FALSE
	EndGlobalSection
	GlobalSection(ExtensibilityGlobals) = postSolution
		SolutionGuid = {40641452-EA6C-49DB-9FE1-2893A8C41B99}
	EndGlobalSection
EndGlobal
